{
  "object": {
    "pins": [
      {
        "package": "clt-logger",
        "repositoryURL": "https://github.com/xcode-actions/clt-logger.git",
        "state": {
          "branch": null,
          "revision": "81cbe59c5f3b0c161fd031489012ae1450412454",
          "version": "0.7.2"
        }
      },
      {
        "package": "eXtenderZ",
        "repositoryURL": "https://github.com/xcode-actions/eXtenderZ.git",
        "state": {
          "branch": null,
          "revision": "c59e94553295a7e8a0c3ce1465a2bed073cb6ca9",
          "version": "1.0.7"
        }
      },
      {
        "package": "stream-reader",
        "repositoryURL": "https://github.com/xcode-actions/stream-reader.git",
        "state": {
          "branch": null,
          "revision": "bae1bfb2fc2cdc6f89c3f6e89ef92d22039ef7b5",
          "version": "3.5.0"
        }
      },
      {
        "package": "swift-argument-parser",
        "repositoryURL": "https://github.com/apple/swift-argument-parser.git",
        "state": {
          "branch": null,
          "revision": "8f4d2753f0e4778c76d5f05ad16c74f707390531",
          "version": "1.2.3"
        }
      },
      {
        "package": "swift-asn1",
        "repositoryURL": "https://github.com/apple/swift-asn1.git",
        "state": {
          "branch": null,
          "revision": "c7e239b5c1492ffc3ebd7fbcc7a92548ce4e78f0",
          "version": "1.1.0"
        }
      },
      {
        "package": "swift-certificates",
        "repositoryURL": "https://github.com/apple/swift-certificates.git",
        "state": {
          "branch": null,
          "revision": "01d7664523af5c169f26038f1e5d444ce47ae5ff",
          "version": "1.0.1"
        }
      },
      {
        "package": "swift-collections",
        "repositoryURL": "https://github.com/apple/swift-collections.git",
        "state": {
          "branch": null,
          "revision": "a902f1823a7ff3c9ab2fba0f992396b948eda307",
          "version": "1.0.5"
        }
      },
      {
        "package": "swift-crypto",
        "repositoryURL": "https://github.com/apple/swift-crypto.git",
        "state": {
          "branch": null,
          "revision": "629f0b679d0fd0a6ae823d7f750b9ab032c00b80",
          "version": "3.0.0"
        }
      },
      {
        "package": "swift-driver",
        "repositoryURL": "https://github.com/apple/swift-driver.git",
        "state": {
          "branch": "main",
          "revision": "fdae36ff947e3bdcdc561402a5c6d6a2c3746ac0",
          "version": null
        }
      },
      {
        "package": "llbuild",
        "repositoryURL": "https://github.com/apple/swift-llbuild.git",
        "state": {
          "branch": "main",
          "revision": "2fcb9be0852bd955832118bcb5e2fb669b5f330b",
          "version": null
        }
      },
      {
        "package": "swift-log",
        "repositoryURL": "https://github.com/apple/swift-log.git",
        "state": {
          "branch": null,
          "revision": "532d8b529501fb73a2455b179e0bbb6d49b652ed",
          "version": "1.5.3"
        }
      },
      {
        "package": "SwiftPM",
        "repositoryURL": "https://github.com/apple/swift-package-manager.git",
        "state": {
          "branch": "swift-DEVELOPMENT-SNAPSHOT-2023-10-30-a",
          "revision": "dafbae563ff2fe827ac5d3285dae718d7c7fc6b4",
          "version": null
        }
      },
      {
        "package": "swift-signal-handling",
        "repositoryURL": "https://github.com/xcode-actions/swift-signal-handling.git",
        "state": {
          "branch": null,
          "revision": "1ab6d3d6f703b5215ac85612401d1d828b5eab24",
          "version": "1.1.0"
        }
      },
      {
        "package": "swift-system",
        "repositoryURL": "https://github.com/apple/swift-system.git",
        "state": {
          "branch": null,
          "revision": "836bc4557b74fe6d2660218d56e3ce96aff76574",
          "version": "1.1.1"
        }
      },
      {
        "package": "swift-tools-support-core",
        "repositoryURL": "https://github.com/apple/swift-tools-support-core.git",
        "state": {
          "branch": "main",
          "revision": "4d539ff4c3d75394a78e17f68b675ad82434dd71",
          "version": null
        }
      },
      {
        "package": "UnwrapOrThrow",
        "repositoryURL": "https://github.com/Frizlab/UnwrapOrThrow.git",
        "state": {
          "branch": null,
          "revision": "085ea7b599b0db956541b7189a57b0c98f15337f",
          "version": "1.0.1-rc.1"
        }
      },
      {
        "package": "XibLoc",
        "repositoryURL": "https://github.com/happn-app/XibLoc.git",
        "state": {
          "branch": null,
          "revision": "575dfaef781b378e84be0144bae4a4ccb9f45a5e",
          "version": "1.3.0"
        }
      },
      {
        "package": "Yams",
        "repositoryURL": "https://github.com/jpsim/Yams.git",
        "state": {
          "branch": null,
          "revision": "0d9ee7ea8c4ebd4a489ad7a73d5c6cad55d6fed3",
          "version": "5.0.6"
        }
      }
    ]
  },
  "version": 1
}
